{
  "name": "@tiko-tools/geography",
  "version": "0.0.0",
  "lockfileVersion": 3,
  "requires": true,
  "packages": {
    "": {
      "name": "@tiko-tools/geography",
      "version": "0.0.0",
      "dependencies": {
        "earcut": "^3.0.1"
      }
    },
    "node_modules/earcut": {
      "version": "3.2.3",
      "resolved": "https://registry.npmjs.org/earcut/-/earcut-3.2.3.tgz",
      "integrity": "sha512-vnS4AVwp1KHAF13i1vp1/2D5evWy3k5u/iW/B81QVsUZtV8cv2tU0b2VNFlqvh4kYwrFMDdjPCfAmfyJW9y14Q==",
      "license": "ISC"
    }
  }
}
