// !$*UTF8*$!
{
	archiveVersion = 1;
	classes = {
	};
	objectVersion = 77;
	objects = {

/* Begin PBXBuildFile section */
		24864309C825A7CC228088D0 /* Assets.xcassets in Resources */ = {isa = PBXBuildFile; fileRef = FC88CA0AE8A939383526F8FE /* Assets.xcassets */; };
		2631178230D390774853A218 /* TypeView.swift in Sources */ = {isa = PBXBuildFile; fileRef = E062EA54CFDC1CAC1F084BAA /* TypeView.swift */; };
		3FC710BDE7A1812E56C830F1 /* TikoTypeApp.swift in Sources */ = {isa = PBXBuildFile; fileRef = 92EFF279CA932F698DEC1B11 /* TikoTypeApp.swift */; };
		5C76BC10D8536C268FF32327 /* TypeAppConfig.swift in Sources */ = {isa = PBXBuildFile; fileRef = 2784AE1A879155FBDA9A5ED1 /* TypeAppConfig.swift */; };
		D2902A334828ECFA42E8A9AE /* TikoKit in Frameworks */ = {isa = PBXBuildFile; productRef = E698A794872B2F90B85DF6AE /* TikoKit */; };
		DA8155367CA22F31AC35C7E3 /* TikoTypeTests.swift in Sources */ = {isa = PBXBuildFile; fileRef = 8549F5329BFE78AA41AB74EB /* TikoTypeTests.swift */; };
/* End PBXBuildFile section */

/* Begin PBXContainerItemProxy section */
		4304FBCC3328F9CBAA6FA0A7 /* PBXContainerItemProxy */ = {
			isa = PBXContainerItemProxy;
			containerPortal = 3A020E1CCC81503AF58BB6DF /* Project object */;
			proxyType = 1;
			remoteGlobalIDString = BEEC29EA76C68AA58B826DEB;
			remoteInfo = TikoType;
		};
/* End PBXContainerItemProxy section */

/* Begin PBXFileReference section */
		074135D340258FEED1495621 /* TikoTypeTests.xctest */ = {isa = PBXFileReference; includeInIndex = 0; lastKnownFileType = wrapper.cfbundle; path = TikoTypeTests.xctest; sourceTree = BUILT_PRODUCTS_DIR; };
		17FEAA921D1BE9E6E0A21CE8 /* TikoType.app */ = {isa = PBXFileReference; includeInIndex = 0; lastKnownFileType = wrapper.application; path = TikoType.app; sourceTree = BUILT_PRODUCTS_DIR; };
		2784AE1A879155FBDA9A5ED1 /* TypeAppConfig.swift */ = {isa = PBXFileReference; lastKnownFileType = sourcecode.swift; path = TypeAppConfig.swift; sourceTree = "<group>"; };
		6F38F474C04DC7AFB45AED52 /* tikokit-ios */ = {isa = PBXFileReference; lastKnownFileType = folder; name = "tikokit-ios"; path = "../../../packages/tikokit-ios"; sourceTree = SOURCE_ROOT; };
		8549F5329BFE78AA41AB74EB /* TikoTypeTests.swift */ = {isa = PBXFileReference; lastKnownFileType = sourcecode.swift; path = TikoTypeTests.swift; sourceTree = "<group>"; };
		92EFF279CA932F698DEC1B11 /* TikoTypeApp.swift */ = {isa = PBXFileReference; lastKnownFileType = sourcecode.swift; path = TikoTypeApp.swift; sourceTree = "<group>"; };
		C9A5E22E6D4B935B93398565 /* TikoType.entitlements */ = {isa = PBXFileReference; lastKnownFileType = text.plist.entitlements; path = TikoType.entitlements; sourceTree = "<group>"; };
		E062EA54CFDC1CAC1F084BAA /* TypeView.swift */ = {isa = PBXFileReference; lastKnownFileType = sourcecode.swift; path = TypeView.swift; sourceTree = "<group>"; };
		E7215D55E4A61BC100115801 /* Info.plist */ = {isa = PBXFileReference; lastKnownFileType = text.plist; path = Info.plist; sourceTree = "<group>"; };
		FC88CA0AE8A939383526F8FE /* Assets.xcassets */ = {isa = PBXFileReference; lastKnownFileType = folder.assetcatalog; path = Assets.xcassets; sourceTree = "<group>"; };
/* End PBXFileReference section */

/* Begin PBXFrameworksBuildPhase section */
		6355331E5B698F28F565542B /* Frameworks */ = {
			isa = PBXFrameworksBuildPhase;
			buildActionMask = 2147483647;
			files = (
				D2902A334828ECFA42E8A9AE /* TikoKit in Frameworks */,
			);
			runOnlyForDeploymentPostprocessing = 0;
		};
/* End PBXFrameworksBuildPhase section */

/* Begin PBXGroup section */
		19005478C89AB7D2580252DF /* Sources */ = {
			isa = PBXGroup;
			children = (
				FC88CA0AE8A939383526F8FE /* Assets.xcassets */,
				E7215D55E4A61BC100115801 /* Info.plist */,
				C9A5E22E6D4B935B93398565 /* TikoType.entitlements */,
				92EFF279CA932F698DEC1B11 /* TikoTypeApp.swift */,
				2784AE1A879155FBDA9A5ED1 /* TypeAppConfig.swift */,
				E062EA54CFDC1CAC1F084BAA /* TypeView.swift */,
			);
			path = Sources;
			sourceTree = "<group>";
		};
		69B3106C49BC55E93309CC27 /* Products */ = {
			isa = PBXGroup;
			children = (
				17FEAA921D1BE9E6E0A21CE8 /* TikoType.app */,
				074135D340258FEED1495621 /* TikoTypeTests.xctest */,
			);
			name = Products;
			sourceTree = "<group>";
		};
		951071A73AA4C2EE1DA0C145 = {
			isa = PBXGroup;
			children = (
				DD3E3A7C2F29D1347FE9CFF2 /* Packages */,
				19005478C89AB7D2580252DF /* Sources */,
				E8175F363F5F86C4884BB733 /* Tests */,
				69B3106C49BC55E93309CC27 /* Products */,
			);
			sourceTree = "<group>";
		};
		DD3E3A7C2F29D1347FE9CFF2 /* Packages */ = {
			isa = PBXGroup;
			children = (
				6F38F474C04DC7AFB45AED52 /* tikokit-ios */,
			);
			name = Packages;
			sourceTree = "<group>";
		};
		E8175F363F5F86C4884BB733 /* Tests */ = {
			isa = PBXGroup;
			children = (
				8549F5329BFE78AA41AB74EB /* TikoTypeTests.swift */,
			);
			path = Tests;
			sourceTree = "<group>";
		};
/* End PBXGroup section */

/* Begin PBXNativeTarget section */
		298F397DBAD8E2C111A7E6C1 /* TikoTypeTests */ = {
			isa = PBXNativeTarget;
			buildConfigurationList = 5AB4543A6FB2B5C216952260 /* Build configuration list for PBXNativeTarget "TikoTypeTests" */;
			buildPhases = (
				661E179C5712173F76E9CEC9 /* Sources */,
			);
			buildRules = (
			);
			dependencies = (
				0F5D4A5B6491C8CEF4216C6E /* PBXTargetDependency */,
			);
			name = TikoTypeTests;
			packageProductDependencies = (
			);
			productName = TikoTypeTests;
			productReference = 074135D340258FEED1495621 /* TikoTypeTests.xctest */;
			productType = "com.apple.product-type.bundle.unit-test";
		};
		BEEC29EA76C68AA58B826DEB /* TikoType */ = {
			isa = PBXNativeTarget;
			buildConfigurationList = 23C059A4D34D387B5C9E3325 /* Build configuration list for PBXNativeTarget "TikoType" */;
			buildPhases = (
				6FF1CF29ADD58449B83E9691 /* Sources */,
				1D8C46986BC133F6F50B4B23 /* Resources */,
				6355331E5B698F28F565542B /* Frameworks */,
			);
			buildRules = (
			);
			dependencies = (
			);
			name = TikoType;
			packageProductDependencies = (
				E698A794872B2F90B85DF6AE /* TikoKit */,
			);
			productName = TikoType;
			productReference = 17FEAA921D1BE9E6E0A21CE8 /* TikoType.app */;
			productType = "com.apple.product-type.application";
		};
/* End PBXNativeTarget section */

/* Begin PBXProject section */
		3A020E1CCC81503AF58BB6DF /* Project object */ = {
			isa = PBXProject;
			attributes = {
				BuildIndependentTargetsInParallel = YES;
				LastUpgradeCheck = 1430;
				TargetAttributes = {
					298F397DBAD8E2C111A7E6C1 = {
						DevelopmentTeam = "";
					};
					BEEC29EA76C68AA58B826DEB = {
						DevelopmentTeam = "";
					};
				};
			};
			buildConfigurationList = E9413BF359D1B29428C1CA00 /* Build configuration list for PBXProject "TikoType" */;
			developmentRegion = en;
			hasScannedForEncodings = 0;
			knownRegions = (
				Base,
				en,
			);
			mainGroup = 951071A73AA4C2EE1DA0C145;
			minimizedProjectReferenceProxies = 1;
			packageReferences = (
				CD5114E5D937A261E195C42D /* XCLocalSwiftPackageReference "../../../packages/tikokit-ios" */,
			);
			preferredProjectObjectVersion = 77;
			productRefGroup = 69B3106C49BC55E93309CC27 /* Products */;
			projectDirPath = "";
			projectRoot = "";
			targets = (
				BEEC29EA76C68AA58B826DEB /* TikoType */,
				298F397DBAD8E2C111A7E6C1 /* TikoTypeTests */,
			);
		};
/* End PBXProject section */

/* Begin PBXResourcesBuildPhase section */
		1D8C46986BC133F6F50B4B23 /* Resources */ = {
			isa = PBXResourcesBuildPhase;
			buildActionMask = 2147483647;
			files = (
				24864309C825A7CC228088D0 /* Assets.xcassets in Resources */,
			);
			runOnlyForDeploymentPostprocessing = 0;
		};
/* End PBXResourcesBuildPhase section */

/* Begin PBXSourcesBuildPhase section */
		661E179C5712173F76E9CEC9 /* Sources */ = {
			isa = PBXSourcesBuildPhase;
			buildActionMask = 2147483647;
			files = (
				DA8155367CA22F31AC35C7E3 /* TikoTypeTests.swift in Sources */,
			);
			runOnlyForDeploymentPostprocessing = 0;
		};
		6FF1CF29ADD58449B83E9691 /* Sources */ = {
			isa = PBXSourcesBuildPhase;
			buildActionMask = 2147483647;
			files = (
				3FC710BDE7A1812E56C830F1 /* TikoTypeApp.swift in Sources */,
				5C76BC10D8536C268FF32327 /* TypeAppConfig.swift in Sources */,
				2631178230D390774853A218 /* TypeView.swift in Sources */,
			);
			runOnlyForDeploymentPostprocessing = 0;
		};
/* End PBXSourcesBuildPhase section */

/* Begin PBXTargetDependency section */
		0F5D4A5B6491C8CEF4216C6E /* PBXTargetDependency */ = {
			isa = PBXTargetDependency;
			target = BEEC29EA76C68AA58B826DEB /* TikoType */;
			targetProxy = 4304FBCC3328F9CBAA6FA0A7 /* PBXContainerItemProxy */;
		};
/* End PBXTargetDependency section */

/* Begin XCBuildConfiguration section */
		05C602CD528032E81473EC40 /* Release */ = {
			isa = XCBuildConfiguration;
			buildSettings = {
				ALWAYS_SEARCH_USER_PATHS = NO;
				CLANG_ANALYZER_NONNULL = YES;
				CLANG_ANALYZER_NUMBER_OBJECT_CONVERSION = YES_AGGRESSIVE;
				CLANG_CXX_LANGUAGE_STANDARD = "gnu++14";
				CLANG_CXX_LIBRARY = "libc++";
				CLANG_ENABLE_MODULES = YES;
				CLANG_ENABLE_OBJC_ARC = YES;
				CLANG_ENABLE_OBJC_WEAK = YES;
				CLANG_WARN_BLOCK_CAPTURE_AUTORELEASING = YES;
				CLANG_WARN_BOOL_CONVERSION = YES;
				CLANG_WARN_COMMA = YES;
				CLANG_WARN_CONSTANT_CONVERSION = YES;
				CLANG_WARN_DEPRECATED_OBJC_IMPLEMENTATIONS = YES;
				CLANG_WARN_DIRECT_OBJC_ISA_USAGE = YES_ERROR;
				CLANG_WARN_DOCUMENTATION_COMMENTS = YES;
				CLANG_WARN_EMPTY_BODY = YES;
				CLANG_WARN_ENUM_CONVERSION = YES;
				CLANG_WARN_INFINITE_RECURSION = YES;
				CLANG_WARN_INT_CONVERSION = YES;
				CLANG_WARN_NON_LITERAL_NULL_CONVERSION = YES;
				CLANG_WARN_OBJC_IMPLICIT_RETAIN_SELF = YES;
				CLANG_WARN_OBJC_LITERAL_CONVERSION = YES;
				CLANG_WARN_OBJC_ROOT_CLASS = YES_ERROR;
				CLANG_WARN_QUOTED_INCLUDE_IN_FRAMEWORK_HEADER = YES;
				CLANG_WARN_RANGE_LOOP_ANALYSIS = YES;
				CLANG_WARN_STRICT_PROTOTYPES = YES;
				CLANG_WARN_SUSPICIOUS_MOVE = YES;
				CLANG_WARN_UNGUARDED_AVAILABILITY = YES_AGGRESSIVE;
				CLANG_WARN_UNREACHABLE_CODE = YES;
				CLANG_WARN__DUPLICATE_METHOD_MATCH = YES;
				COPY_PHASE_STRIP = NO;
				DEBUG_INFORMATION_FORMAT = "dwarf-with-dsym";
				DEVELOPMENT_TEAM = "";
				ENABLE_NS_ASSERTIONS = NO;
				ENABLE_STRICT_OBJC_MSGSEND = YES;
				GCC_C_LANGUAGE_STANDARD = gnu11;
				GCC_NO_COMMON_BLOCKS = YES;
				GCC_WARN_64_TO_32_BIT_CONVERSION = YES;
				GCC_WARN_ABOUT_RETURN_TYPE = YES_ERROR;
				GCC_WARN_UNDECLARED_SELECTOR = YES;
				GCC_WARN_UNINITIALIZED_AUTOS = YES_AGGRESSIVE;
				GCC_WARN_UNUSED_FUNCTION = YES;
				GCC_WARN_UNUSED_VARIABLE = YES;
				IPHONEOS_DEPLOYMENT_TARGET = 17.0;
				MTL_ENABLE_DEBUG_INFO = NO;
				MTL_FAST_MATH = YES;
				PRODUCT_NAME = "$(TARGET_NAME)";
				SDKROOT = iphoneos;
				SWIFT_COMPILATION_MODE = wholemodule;
				SWIFT_OPTIMIZATION_LEVEL = "-O";
				SWIFT_VERSION = 5.0;
			};
			name = Release;
		};
		7E3458C23D7C54655C6F4A58 /* Debug */ = {
			isa = XCBuildConfiguration;
			buildSettings = {
				BUNDLE_LOADER = "$(TEST_HOST)";
				LD_RUNPATH_SEARCH_PATHS = (
					"$(inherited)",
					"@executable_path/Frameworks",
					"@loader_path/Frameworks",
				);
				PRODUCT_BUNDLE_IDENTIFIER = mt.tiko.TikoTypeTests;
				SDKROOT = iphoneos;
				TARGETED_DEVICE_FAMILY = "1,2";
				TEST_HOST = "$(BUILT_PRODUCTS_DIR)/TikoType.app/TikoType";
			};
			name = Debug;
		};
		881489978087ECDF07E1EC5D /* Debug */ = {
			isa = XCBuildConfiguration;
			buildSettings = {
				ASSETCATALOG_COMPILER_APPICON_NAME = AppIcon;
				CODE_SIGN_ENTITLEMENTS = Sources/TikoType.entitlements;
				CODE_SIGN_IDENTITY = "iPhone Developer";
				INFOPLIST_FILE = Sources/Info.plist;
				LD_RUNPATH_SEARCH_PATHS = (
					"$(inherited)",
					"@executable_path/Frameworks",
				);
				PRODUCT_BUNDLE_IDENTIFIER = mt.tiko.type;
				SDKROOT = iphoneos;
				TARGETED_DEVICE_FAMILY = "1,2";
			};
			name = Debug;
		};
		CBE540E7D03B20A655608BF0 /* Release */ = {
			isa = XCBuildConfiguration;
			buildSettings = {
				ASSETCATALOG_COMPILER_APPICON_NAME = AppIcon;
				CODE_SIGN_ENTITLEMENTS = Sources/TikoType.entitlements;
				CODE_SIGN_IDENTITY = "iPhone Developer";
				INFOPLIST_FILE = Sources/Info.plist;
				LD_RUNPATH_SEARCH_PATHS = (
					"$(inherited)",
					"@executable_path/Frameworks",
				);
				PRODUCT_BUNDLE_IDENTIFIER = mt.tiko.type;
				SDKROOT = iphoneos;
				TARGETED_DEVICE_FAMILY = "1,2";
			};
			name = Release;
		};
		F2C24A969D9A4792A0AA6DE2 /* Release */ = {
			isa = XCBuildConfiguration;
			buildSettings = {
				BUNDLE_LOADER = "$(TEST_HOST)";
				LD_RUNPATH_SEARCH_PATHS = (
					"$(inherited)",
					"@executable_path/Frameworks",
					"@loader_path/Frameworks",
				);
				PRODUCT_BUNDLE_IDENTIFIER = mt.tiko.TikoTypeTests;
				SDKROOT = iphoneos;
				TARGETED_DEVICE_FAMILY = "1,2";
				TEST_HOST = "$(BUILT_PRODUCTS_DIR)/TikoType.app/TikoType";
			};
			name = Release;
		};
		F3485DAB540E01757FC62A4D /* Debug */ = {
			isa = XCBuildConfiguration;
			buildSettings = {
				ALWAYS_SEARCH_USER_PATHS = NO;
				CLANG_ANALYZER_NONNULL = YES;
				CLANG_ANALYZER_NUMBER_OBJECT_CONVERSION = YES_AGGRESSIVE;
				CLANG_CXX_LANGUAGE_STANDARD = "gnu++14";
				CLANG_CXX_LIBRARY = "libc++";
				CLANG_ENABLE_MODULES = YES;
				CLANG_ENABLE_OBJC_ARC = YES;
				CLANG_ENABLE_OBJC_WEAK = YES;
				CLANG_WARN_BLOCK_CAPTURE_AUTORELEASING = YES;
				CLANG_WARN_BOOL_CONVERSION = YES;
				CLANG_WARN_COMMA = YES;
				CLANG_WARN_CONSTANT_CONVERSION = YES;
				CLANG_WARN_DEPRECATED_OBJC_IMPLEMENTATIONS = YES;
				CLANG_WARN_DIRECT_OBJC_ISA_USAGE = YES_ERROR;
				CLANG_WARN_DOCUMENTATION_COMMENTS = YES;
				CLANG_WARN_EMPTY_BODY = YES;
				CLANG_WARN_ENUM_CONVERSION = YES;
				CLANG_WARN_INFINITE_RECURSION = YES;
				CLANG_WARN_INT_CONVERSION = YES;
				CLANG_WARN_NON_LITERAL_NULL_CONVERSION = YES;
				CLANG_WARN_OBJC_IMPLICIT_RETAIN_SELF = YES;
				CLANG_WARN_OBJC_LITERAL_CONVERSION = YES;
				CLANG_WARN_OBJC_ROOT_CLASS = YES_ERROR;
				CLANG_WARN_QUOTED_INCLUDE_IN_FRAMEWORK_HEADER = YES;
				CLANG_WARN_RANGE_LOOP_ANALYSIS = YES;
				CLANG_WARN_STRICT_PROTOTYPES = YES;
				CLANG_WARN_SUSPICIOUS_MOVE = YES;
				CLANG_WARN_UNGUARDED_AVAILABILITY = YES_AGGRESSIVE;
				CLANG_WARN_UNREACHABLE_CODE = YES;
				CLANG_WARN__DUPLICATE_METHOD_MATCH = YES;
				COPY_PHASE_STRIP = NO;
				DEBUG_INFORMATION_FORMAT = dwarf;
				DEVELOPMENT_TEAM = "";
				ENABLE_STRICT_OBJC_MSGSEND = YES;
				ENABLE_TESTABILITY = YES;
				GCC_C_LANGUAGE_STANDARD = gnu11;
				GCC_DYNAMIC_NO_PIC = NO;
				GCC_NO_COMMON_BLOCKS = YES;
				GCC_OPTIMIZATION_LEVEL = 0;
				GCC_PREPROCESSOR_DEFINITIONS = (
					"$(inherited)",
					"DEBUG=1",
				);
				GCC_WARN_64_TO_32_BIT_CONVERSION = YES;
				GCC_WARN_ABOUT_RETURN_TYPE = YES_ERROR;
				GCC_WARN_UNDECLARED_SELECTOR = YES;
				GCC_WARN_UNINITIALIZED_AUTOS = YES_AGGRESSIVE;
				GCC_WARN_UNUSED_FUNCTION = YES;
				GCC_WARN_UNUSED_VARIABLE = YES;
				IPHONEOS_DEPLOYMENT_TARGET = 17.0;
				MTL_ENABLE_DEBUG_INFO = INCLUDE_SOURCE;
				MTL_FAST_MATH = YES;
				ONLY_ACTIVE_ARCH = YES;
				PRODUCT_NAME = "$(TARGET_NAME)";
				SDKROOT = iphoneos;
				SWIFT_ACTIVE_COMPILATION_CONDITIONS = DEBUG;
				SWIFT_OPTIMIZATION_LEVEL = "-Onone";
				SWIFT_VERSION = 5.0;
			};
			name = Debug;
		};
/* End XCBuildConfiguration section */

/* Begin XCConfigurationList section */
		23C059A4D34D387B5C9E3325 /* Build configuration list for PBXNativeTarget "TikoType" */ = {
			isa = XCConfigurationList;
			buildConfigurations = (
				881489978087ECDF07E1EC5D /* Debug */,
				CBE540E7D03B20A655608BF0 /* Release */,
			);
			defaultConfigurationIsVisible = 0;
			defaultConfigurationName = Debug;
		};
		5AB4543A6FB2B5C216952260 /* Build configuration list for PBXNativeTarget "TikoTypeTests" */ = {
			isa = XCConfigurationList;
			buildConfigurations = (
				7E3458C23D7C54655C6F4A58 /* Debug */,
				F2C24A969D9A4792A0AA6DE2 /* Release */,
			);
			defaultConfigurationIsVisible = 0;
			defaultConfigurationName = Debug;
		};
		E9413BF359D1B29428C1CA00 /* Build configuration list for PBXProject "TikoType" */ = {
			isa = XCConfigurationList;
			buildConfigurations = (
				F3485DAB540E01757FC62A4D /* Debug */,
				05C602CD528032E81473EC40 /* Release */,
			);
			defaultConfigurationIsVisible = 0;
			defaultConfigurationName = Debug;
		};
/* End XCConfigurationList section */

/* Begin XCLocalSwiftPackageReference section */
		CD5114E5D937A261E195C42D /* XCLocalSwiftPackageReference "../../../packages/tikokit-ios" */ = {
			isa = XCLocalSwiftPackageReference;
			relativePath = "../../../packages/tikokit-ios";
		};
/* End XCLocalSwiftPackageReference section */

/* Begin XCSwiftPackageProductDependency section */
		E698A794872B2F90B85DF6AE /* TikoKit */ = {
			isa = XCSwiftPackageProductDependency;
			productName = TikoKit;
		};
/* End XCSwiftPackageProductDependency section */
	};
	rootObject = 3A020E1CCC81503AF58BB6DF /* Project object */;
}
